
Microsoft Visual Studio Solution File, Format Version 12.00
# Visual Studio Version 17
VisualStudioVersion = 17.7.34031.279
MinimumVisualStudioVersion = 10.0.40219.1
Project("{FAE04EC0-301F-11D3-BF4B-00C04F79EFBC}") = "4praktos", "4praktos\4praktos.csproj", "{628AD18A-4C0C-4348-A51F-E9A1D108F088}"
EndProject
Global
	GlobalSection(SolutionConfigurationPlatforms) = preSolution
		Debug|Any CPU = Debug|Any CPU
		Release|Any CPU = Release|Any CPU
	EndGlobalSection
	GlobalSection(ProjectConfigurationPlatforms) = postSolution
		{628AD18A-4C0C-4348-A51F-E9A1D108F088}.Debug|Any CPU.ActiveCfg = Debug|Any CPU
		{628AD18A-4C0C-4348-A51F-E9A1D108F088}.Debug|Any CPU.Build.0 = Debug|Any CPU
		{628AD18A-4C0C-4348-A51F-E9A1D108F088}.Release|Any CPU.ActiveCfg = Release|Any CPU
		{628AD18A-4C0C-4348-A51F-E9A1D108F088}.Release|Any CPU.Build.0 = Release|Any CPU
	EndGlobalSection
	GlobalSection(SolutionProperties) = preSolution
		HideSolutionNode = FALSE
	EndGlobalSection
	GlobalSection(ExtensibilityGlobals) = postSolution
		SolutionGuid = {F55AAB5E-A595-47AD-BC48-8B8C0AB0D4F3}
	EndGlobalSection
EndGlobal
